
Microsoft Visual Studio Solution File, Format Version 12.00
# Visual Studio Version 17
VisualStudioVersion = 17.13.35825.156 d17.13
MinimumVisualStudioVersion = 10.0.40219.1
Project("{FAE04EC0-301F-11D3-BF4B-00C04F79EFBC}") = "restauracja-wpf", "restauracja-wpf\restauracja-wpf.csproj", "{F884641A-B6B5-414D-8211-5F53217E5EDD}"
EndProject
Global
	GlobalSection(SolutionConfigurationPlatforms) = preSolution
		Debug|Any CPU = Debug|Any CPU
		Release|Any CPU = Release|Any CPU
	EndGlobalSection
	GlobalSection(ProjectConfigurationPlatforms) = postSolution
		{F884641A-B6B5-414D-8211-5F53217E5EDD}.Debug|Any CPU.ActiveCfg = Debug|Any CPU
		{F884641A-B6B5-414D-8211-5F53217E5EDD}.Debug|Any CPU.Build.0 = Debug|Any CPU
		{F884641A-B6B5-414D-8211-5F53217E5EDD}.Release|Any CPU.ActiveCfg = Release|Any CPU
		{F884641A-B6B5-414D-8211-5F53217E5EDD}.Release|Any CPU.Build.0 = Release|Any CPU
	EndGlobalSection
	GlobalSection(SolutionProperties) = preSolution
		HideSolutionNode = FALSE
	EndGlobalSection
	GlobalSection(ExtensibilityGlobals) = postSolution
		SolutionGuid = {70CC2EAB-9D76-4153-AC85-1A070B896DE2}
	EndGlobalSection
EndGlobal
